// !$*UTF8*$!
{
	archiveVersion = 1;
	classes = {
	};
	objectVersion = 55;
	objects = {

/* Begin PBXBuildFile section */
		23043BD927A7469B00F9EDCF /* CTA_Map_JournalApp.swift in Sources */ = {isa = PBXBuildFile; fileRef = 23043BD827A7469B00F9EDCF /* CTA_Map_JournalApp.swift */; };
		23043BDB27A7469B00F9EDCF /* ContentView.swift in Sources */ = {isa = PBXBuildFile; fileRef = 23043BDA27A7469B00F9EDCF /* ContentView.swift */; };
		23043BDD27A746A400F9EDCF /* Assets.xcassets in Resources */ = {isa = PBXBuildFile; fileRef = 23043BDC27A746A400F9EDCF /* Assets.xcassets */; };
		23043BE027A746A400F9EDCF /* Preview Assets.xcassets in Resources */ = {isa = PBXBuildFile; fileRef = 23043BDF27A746A400F9EDCF /* Preview Assets.xcassets */; };
		23043BE927A748C800F9EDCF /* HomePageView.swift in Sources */ = {isa = PBXBuildFile; fileRef = 23043BE827A748C800F9EDCF /* HomePageView.swift */; };
		23043BEB27A748FA00F9EDCF /* SelectedTrainLineView.swift in Sources */ = {isa = PBXBuildFile; fileRef = 23043BEA27A748FA00F9EDCF /* SelectedTrainLineView.swift */; };
		23043BED27A7492800F9EDCF /* SelectedTrainStationView.swift in Sources */ = {isa = PBXBuildFile; fileRef = 23043BEC27A7492800F9EDCF /* SelectedTrainStationView.swift */; };
		23043BEF27A7496F00F9EDCF /* NewJournalEntryView.swift in Sources */ = {isa = PBXBuildFile; fileRef = 23043BEE27A7496F00F9EDCF /* NewJournalEntryView.swift */; };
		23043BF127A7499300F9EDCF /* JournalEntry.swift in Sources */ = {isa = PBXBuildFile; fileRef = 23043BF027A7499300F9EDCF /* JournalEntry.swift */; };
		23043BF527A74B5600F9EDCF /* NearestTrainStation.swift in Sources */ = {isa = PBXBuildFile; fileRef = 23043BF427A74B5600F9EDCF /* NearestTrainStation.swift */; };
		23043BF727A74CC100F9EDCF /* JournalEntryFunctions.swift in Sources */ = {isa = PBXBuildFile; fileRef = 23043BF627A74CC100F9EDCF /* JournalEntryFunctions.swift */; };
/* End PBXBuildFile section */

/* Begin PBXFileReference section */
		23043BD527A7469B00F9EDCF /* CTA-Map-Journal.app */ = {isa = PBXFileReference; explicitFileType = wrapper.application; includeInIndex = 0; path = "CTA-Map-Journal.app"; sourceTree = BUILT_PRODUCTS_DIR; };
		23043BD827A7469B00F9EDCF /* CTA_Map_JournalApp.swift */ = {isa = PBXFileReference; lastKnownFileType = sourcecode.swift; path = CTA_Map_JournalApp.swift; sourceTree = "<group>"; };
		23043BDA27A7469B00F9EDCF /* ContentView.swift */ = {isa = PBXFileReference; lastKnownFileType = sourcecode.swift; path = ContentView.swift; sourceTree = "<group>"; };
		23043BDC27A746A400F9EDCF /* Assets.xcassets */ = {isa = PBXFileReference; lastKnownFileType = folder.assetcatalog; path = Assets.xcassets; sourceTree = "<group>"; };
		23043BDF27A746A400F9EDCF /* Preview Assets.xcassets */ = {isa = PBXFileReference; lastKnownFileType = folder.assetcatalog; path = "Preview Assets.xcassets"; sourceTree = "<group>"; };
		23043BE827A748C800F9EDCF /* HomePageView.swift */ = {isa = PBXFileReference; lastKnownFileType = sourcecode.swift; path = HomePageView.swift; sourceTree = "<group>"; };
		23043BEA27A748FA00F9EDCF /* SelectedTrainLineView.swift */ = {isa = PBXFileReference; lastKnownFileType = sourcecode.swift; path = SelectedTrainLineView.swift; sourceTree = "<group>"; };
		23043BEC27A7492800F9EDCF /* SelectedTrainStationView.swift */ = {isa = PBXFileReference; lastKnownFileType = sourcecode.swift; path = SelectedTrainStationView.swift; sourceTree = "<group>"; };
		23043BEE27A7496F00F9EDCF /* NewJournalEntryView.swift */ = {isa = PBXFileReference; lastKnownFileType = sourcecode.swift; path = NewJournalEntryView.swift; sourceTree = "<group>"; };
		23043BF027A7499300F9EDCF /* JournalEntry.swift */ = {isa = PBXFileReference; lastKnownFileType = sourcecode.swift; path = JournalEntry.swift; sourceTree = "<group>"; };
		23043BF427A74B5600F9EDCF /* NearestTrainStation.swift */ = {isa = PBXFileReference; lastKnownFileType = sourcecode.swift; path = NearestTrainStation.swift; sourceTree = "<group>"; };
		23043BF627A74CC100F9EDCF /* JournalEntryFunctions.swift */ = {isa = PBXFileReference; lastKnownFileType = sourcecode.swift; path = JournalEntryFunctions.swift; sourceTree = "<group>"; };
/* End PBXFileReference section */

/* Begin PBXFrameworksBuildPhase section */
		23043BD227A7469B00F9EDCF /* Frameworks */ = {
			isa = PBXFrameworksBuildPhase;
			buildActionMask = 2147483647;
			files = (
			);
			runOnlyForDeploymentPostprocessing = 0;
		};
/* End PBXFrameworksBuildPhase section */

/* Begin PBXGroup section */
		23043BCC27A7469A00F9EDCF = {
			isa = PBXGroup;
			children = (
				23043BD727A7469B00F9EDCF /* CTA-Map-Journal */,
				23043BD627A7469B00F9EDCF /* Products */,
			);
			sourceTree = "<group>";
		};
		23043BD627A7469B00F9EDCF /* Products */ = {
			isa = PBXGroup;
			children = (
				23043BD527A7469B00F9EDCF /* CTA-Map-Journal.app */,
			);
			name = Products;
			sourceTree = "<group>";
		};
		23043BD727A7469B00F9EDCF /* CTA-Map-Journal */ = {
			isa = PBXGroup;
			children = (
				23043BD827A7469B00F9EDCF /* CTA_Map_JournalApp.swift */,
				23043BDC27A746A400F9EDCF /* Assets.xcassets */,
				23043BE727A747E000F9EDCF /* Models */,
				23043BE627A747D600F9EDCF /* Views */,
				23043BF327A74AC900F9EDCF /* ViewModels */,
				23043BDE27A746A400F9EDCF /* Preview Content */,
			);
			path = "CTA-Map-Journal";
			sourceTree = "<group>";
		};
		23043BDE27A746A400F9EDCF /* Preview Content */ = {
			isa = PBXGroup;
			children = (
				23043BDF27A746A400F9EDCF /* Preview Assets.xcassets */,
			);
			path = "Preview Content";
			sourceTree = "<group>";
		};
		23043BE627A747D600F9EDCF /* Views */ = {
			isa = PBXGroup;
			children = (
				23043BDA27A7469B00F9EDCF /* ContentView.swift */,
				23043BE827A748C800F9EDCF /* HomePageView.swift */,
				23043BEA27A748FA00F9EDCF /* SelectedTrainLineView.swift */,
				23043BEC27A7492800F9EDCF /* SelectedTrainStationView.swift */,
				23043BEE27A7496F00F9EDCF /* NewJournalEntryView.swift */,
			);
			path = Views;
			sourceTree = "<group>";
		};
		23043BE727A747E000F9EDCF /* Models */ = {
			isa = PBXGroup;
			children = (
				23043BF027A7499300F9EDCF /* JournalEntry.swift */,
			);
			path = Models;
			sourceTree = "<group>";
		};
		23043BF327A74AC900F9EDCF /* ViewModels */ = {
			isa = PBXGroup;
			children = (
				23043BF427A74B5600F9EDCF /* NearestTrainStation.swift */,
				23043BF627A74CC100F9EDCF /* JournalEntryFunctions.swift */,
			);
			path = ViewModels;
			sourceTree = "<group>";
		};
/* End PBXGroup section */

/* Begin PBXNativeTarget section */
		23043BD427A7469B00F9EDCF /* CTA-Map-Journal */ = {
			isa = PBXNativeTarget;
			buildConfigurationList = 23043BE327A746A400F9EDCF /* Build configuration list for PBXNativeTarget "CTA-Map-Journal" */;
			buildPhases = (
				23043BD127A7469B00F9EDCF /* Sources */,
				23043BD227A7469B00F9EDCF /* Frameworks */,
				23043BD327A7469B00F9EDCF /* Resources */,
			);
			buildRules = (
			);
			dependencies = (
			);
			name = "CTA-Map-Journal";
			productName = "CTA-Map-Journal";
			productReference = 23043BD527A7469B00F9EDCF /* CTA-Map-Journal.app */;
			productType = "com.apple.product-type.application";
		};
/* End PBXNativeTarget section */

/* Begin PBXProject section */
		23043BCD27A7469A00F9EDCF /* Project object */ = {
			isa = PBXProject;
			attributes = {
				BuildIndependentTargetsInParallel = 1;
				LastSwiftUpdateCheck = 1320;
				LastUpgradeCheck = 1320;
				TargetAttributes = {
					23043BD427A7469B00F9EDCF = {
						CreatedOnToolsVersion = 13.2.1;
					};
				};
			};
			buildConfigurationList = 23043BD027A7469A00F9EDCF /* Build configuration list for PBXProject "CTA-Map-Journal" */;
			compatibilityVersion = "Xcode 13.0";
			developmentRegion = en;
			hasScannedForEncodings = 0;
			knownRegions = (
				en,
				Base,
			);
			mainGroup = 23043BCC27A7469A00F9EDCF;
			productRefGroup = 23043BD627A7469B00F9EDCF /* Products */;
			projectDirPath = "";
			projectRoot = "";
			targets = (
				23043BD427A7469B00F9EDCF /* CTA-Map-Journal */,
			);
		};
/* End PBXProject section */

/* Begin PBXResourcesBuildPhase section */
		23043BD327A7469B00F9EDCF /* Resources */ = {
			isa = PBXResourcesBuildPhase;
			buildActionMask = 2147483647;
			files = (
				23043BE027A746A400F9EDCF /* Preview Assets.xcassets in Resources */,
				23043BDD27A746A400F9EDCF /* Assets.xcassets in Resources */,
			);
			runOnlyForDeploymentPostprocessing = 0;
		};
/* End PBXResourcesBuildPhase section */

/* Begin PBXSourcesBuildPhase section */
		23043BD127A7469B00F9EDCF /* Sources */ = {
			isa = PBXSourcesBuildPhase;
			buildActionMask = 2147483647;
			files = (
				23043BEB27A748FA00F9EDCF /* SelectedTrainLineView.swift in Sources */,
				23043BDB27A7469B00F9EDCF /* ContentView.swift in Sources */,
				23043BEF27A7496F00F9EDCF /* NewJournalEntryView.swift in Sources */,
				23043BE927A748C800F9EDCF /* HomePageView.swift in Sources */,
				23043BD927A7469B00F9EDCF /* CTA_Map_JournalApp.swift in Sources */,
				23043BF127A7499300F9EDCF /* JournalEntry.swift in Sources */,
				23043BF527A74B5600F9EDCF /* NearestTrainStation.swift in Sources */,
				23043BED27A7492800F9EDCF /* SelectedTrainStationView.swift in Sources */,
				23043BF727A74CC100F9EDCF /* JournalEntryFunctions.swift in Sources */,
			);
			runOnlyForDeploymentPostprocessing = 0;
		};
/* End PBXSourcesBuildPhase section */

/* Begin XCBuildConfiguration section */
		23043BE127A746A400F9EDCF /* Debug */ = {
			isa = XCBuildConfiguration;
			buildSettings = {
				ALWAYS_SEARCH_USER_PATHS = NO;
				CLANG_ANALYZER_NONNULL = YES;
				CLANG_ANALYZER_NUMBER_OBJECT_CONVERSION = YES_AGGRESSIVE;
				CLANG_CXX_LANGUAGE_STANDARD = "gnu++17";
				CLANG_CXX_LIBRARY = "libc++";
				CLANG_ENABLE_MODULES = YES;
				CLANG_ENABLE_OBJC_ARC = YES;
				CLANG_ENABLE_OBJC_WEAK = YES;
				CLANG_WARN_BLOCK_CAPTURE_AUTORELEASING = YES;
				CLANG_WARN_BOOL_CONVERSION = YES;
				CLANG_WARN_COMMA = YES;
				CLANG_WARN_CONSTANT_CONVERSION = YES;
				CLANG_WARN_DEPRECATED_OBJC_IMPLEMENTATIONS = YES;
				CLANG_WARN_DIRECT_OBJC_ISA_USAGE = YES_ERROR;
				CLANG_WARN_DOCUMENTATION_COMMENTS = YES;
				CLANG_WARN_EMPTY_BODY = YES;
				CLANG_WARN_ENUM_CONVERSION = YES;
				CLANG_WARN_INFINITE_RECURSION = YES;
				CLANG_WARN_INT_CONVERSION = YES;
				CLANG_WARN_NON_LITERAL_NULL_CONVERSION = YES;
				CLANG_WARN_OBJC_IMPLICIT_RETAIN_SELF = YES;
				CLANG_WARN_OBJC_LITERAL_CONVERSION = YES;
				CLANG_WARN_OBJC_ROOT_CLASS = YES_ERROR;
				CLANG_WARN_QUOTED_INCLUDE_IN_FRAMEWORK_HEADER = YES;
				CLANG_WARN_RANGE_LOOP_ANALYSIS = YES;
				CLANG_WARN_STRICT_PROTOTYPES = YES;
				CLANG_WARN_SUSPICIOUS_MOVE = YES;
				CLANG_WARN_UNGUARDED_AVAILABILITY = YES_AGGRESSIVE;
				CLANG_WARN_UNREACHABLE_CODE = YES;
				CLANG_WARN__DUPLICATE_METHOD_MATCH = YES;
				COPY_PHASE_STRIP = NO;
				DEBUG_INFORMATION_FORMAT = dwarf;
				ENABLE_STRICT_OBJC_MSGSEND = YES;
				ENABLE_TESTABILITY = YES;
				GCC_C_LANGUAGE_STANDARD = gnu11;
				GCC_DYNAMIC_NO_PIC = NO;
				GCC_NO_COMMON_BLOCKS = YES;
				GCC_OPTIMIZATION_LEVEL = 0;
				GCC_PREPROCESSOR_DEFINITIONS = (
					"DEBUG=1",
					"$(inherited)",
				);
				GCC_WARN_64_TO_32_BIT_CONVERSION = YES;
				GCC_WARN_ABOUT_RETURN_TYPE = YES_ERROR;
				GCC_WARN_UNDECLARED_SELECTOR = YES;
				GCC_WARN_UNINITIALIZED_AUTOS = YES_AGGRESSIVE;
				GCC_WARN_UNUSED_FUNCTION = YES;
				GCC_WARN_UNUSED_VARIABLE = YES;
				IPHONEOS_DEPLOYMENT_TARGET = 15.2;
				MTL_ENABLE_DEBUG_INFO = INCLUDE_SOURCE;
				MTL_FAST_MATH = YES;
				ONLY_ACTIVE_ARCH = YES;
				SDKROOT = iphoneos;
				SWIFT_ACTIVE_COMPILATION_CONDITIONS = DEBUG;
				SWIFT_OPTIMIZATION_LEVEL = "-Onone";
			};
			name = Debug;
		};
		23043BE227A746A400F9EDCF /* Release */ = {
			isa = XCBuildConfiguration;
			buildSettings = {
				ALWAYS_SEARCH_USER_PATHS = NO;
				CLANG_ANALYZER_NONNULL = YES;
				CLANG_ANALYZER_NUMBER_OBJECT_CONVERSION = YES_AGGRESSIVE;
				CLANG_CXX_LANGUAGE_STANDARD = "gnu++17";
				CLANG_CXX_LIBRARY = "libc++";
				CLANG_ENABLE_MODULES = YES;
				CLANG_ENABLE_OBJC_ARC = YES;
				CLANG_ENABLE_OBJC_WEAK = YES;
				CLANG_WARN_BLOCK_CAPTURE_AUTORELEASING = YES;
				CLANG_WARN_BOOL_CONVERSION = YES;
				CLANG_WARN_COMMA = YES;
				CLANG_WARN_CONSTANT_CONVERSION = YES;
				CLANG_WARN_DEPRECATED_OBJC_IMPLEMENTATIONS = YES;
				CLANG_WARN_DIRECT_OBJC_ISA_USAGE = YES_ERROR;
				CLANG_WARN_DOCUMENTATION_COMMENTS = YES;
				CLANG_WARN_EMPTY_BODY = YES;
				CLANG_WARN_ENUM_CONVERSION = YES;
				CLANG_WARN_INFINITE_RECURSION = YES;
				CLANG_WARN_INT_CONVERSION = YES;
				CLANG_WARN_NON_LITERAL_NULL_CONVERSION = YES;
				CLANG_WARN_OBJC_IMPLICIT_RETAIN_SELF = YES;
				CLANG_WARN_OBJC_LITERAL_CONVERSION = YES;
				CLANG_WARN_OBJC_ROOT_CLASS = YES_ERROR;
				CLANG_WARN_QUOTED_INCLUDE_IN_FRAMEWORK_HEADER = YES;
				CLANG_WARN_RANGE_LOOP_ANALYSIS = YES;
				CLANG_WARN_STRICT_PROTOTYPES = YES;
				CLANG_WARN_SUSPICIOUS_MOVE = YES;
				CLANG_WARN_UNGUARDED_AVAILABILITY = YES_AGGRESSIVE;
				CLANG_WARN_UNREACHABLE_CODE = YES;
				CLANG_WARN__DUPLICATE_METHOD_MATCH = YES;
				COPY_PHASE_STRIP = NO;
				DEBUG_INFORMATION_FORMAT = "dwarf-with-dsym";
				ENABLE_NS_ASSERTIONS = NO;
				ENABLE_STRICT_OBJC_MSGSEND = YES;
				GCC_C_LANGUAGE_STANDARD = gnu11;
				GCC_NO_COMMON_BLOCKS = YES;
				GCC_WARN_64_TO_32_BIT_CONVERSION = YES;
				GCC_WARN_ABOUT_RETURN_TYPE = YES_ERROR;
				GCC_WARN_UNDECLARED_SELECTOR = YES;
				GCC_WARN_UNINITIALIZED_AUTOS = YES_AGGRESSIVE;
				GCC_WARN_UNUSED_FUNCTION = YES;
				GCC_WARN_UNUSED_VARIABLE = YES;
				IPHONEOS_DEPLOYMENT_TARGET = 15.2;
				MTL_ENABLE_DEBUG_INFO = NO;
				MTL_FAST_MATH = YES;
				SDKROOT = iphoneos;
				SWIFT_COMPILATION_MODE = wholemodule;
				SWIFT_OPTIMIZATION_LEVEL = "-O";
				VALIDATE_PRODUCT = YES;
			};
			name = Release;
		};
		23043BE427A746A400F9EDCF /* Debug */ = {
			isa = XCBuildConfiguration;
			buildSettings = {
				ASSETCATALOG_COMPILER_APPICON_NAME = AppIcon;
				ASSETCATALOG_COMPILER_GLOBAL_ACCENT_COLOR_NAME = AccentColor;
				CODE_SIGN_STYLE = Automatic;
				CURRENT_PROJECT_VERSION = 1;
				DEVELOPMENT_ASSET_PATHS = "\"CTA-Map-Journal/Preview Content\"";
				ENABLE_PREVIEWS = YES;
				GENERATE_INFOPLIST_FILE = YES;
				INFOPLIST_KEY_UIApplicationSceneManifest_Generation = YES;
				INFOPLIST_KEY_UIApplicationSupportsIndirectInputEvents = YES;
				INFOPLIST_KEY_UILaunchScreen_Generation = YES;
				INFOPLIST_KEY_UISupportedInterfaceOrientations_iPad = "UIInterfaceOrientationPortrait UIInterfaceOrientationPortraitUpsideDown UIInterfaceOrientationLandscapeLeft UIInterfaceOrientationLandscapeRight";
				INFOPLIST_KEY_UISupportedInterfaceOrientations_iPhone = "UIInterfaceOrientationPortrait UIInterfaceOrientationLandscapeLeft UIInterfaceOrientationLandscapeRight";
				LD_RUNPATH_SEARCH_PATHS = (
					"$(inherited)",
					"@executable_path/Frameworks",
				);
				MARKETING_VERSION = 1.0;
				PRODUCT_BUNDLE_IDENTIFIER = "IvetteDF.CTA-Map-Journal";
				PRODUCT_NAME = "$(TARGET_NAME)";
				SWIFT_EMIT_LOC_STRINGS = YES;
				SWIFT_VERSION = 5.0;
				TARGETED_DEVICE_FAMILY = "1,2";
			};
			name = Debug;
		};
		23043BE527A746A400F9EDCF /* Release */ = {
			isa = XCBuildConfiguration;
			buildSettings = {
				ASSETCATALOG_COMPILER_APPICON_NAME = AppIcon;
				ASSETCATALOG_COMPILER_GLOBAL_ACCENT_COLOR_NAME = AccentColor;
				CODE_SIGN_STYLE = Automatic;
				CURRENT_PROJECT_VERSION = 1;
				DEVELOPMENT_ASSET_PATHS = "\"CTA-Map-Journal/Preview Content\"";
				ENABLE_PREVIEWS = YES;
				GENERATE_INFOPLIST_FILE = YES;
				INFOPLIST_KEY_UIApplicationSceneManifest_Generation = YES;
				INFOPLIST_KEY_UIApplicationSupportsIndirectInputEvents = YES;
				INFOPLIST_KEY_UILaunchScreen_Generation = YES;
				INFOPLIST_KEY_UISupportedInterfaceOrientations_iPad = "UIInterfaceOrientationPortrait UIInterfaceOrientationPortraitUpsideDown UIInterfaceOrientationLandscapeLeft UIInterfaceOrientationLandscapeRight";
				INFOPLIST_KEY_UISupportedInterfaceOrientations_iPhone = "UIInterfaceOrientationPortrait UIInterfaceOrientationLandscapeLeft UIInterfaceOrientationLandscapeRight";
				LD_RUNPATH_SEARCH_PATHS = (
					"$(inherited)",
					"@executable_path/Frameworks",
				);
				MARKETING_VERSION = 1.0;
				PRODUCT_BUNDLE_IDENTIFIER = "IvetteDF.CTA-Map-Journal";
				PRODUCT_NAME = "$(TARGET_NAME)";
				SWIFT_EMIT_LOC_STRINGS = YES;
				SWIFT_VERSION = 5.0;
				TARGETED_DEVICE_FAMILY = "1,2";
			};
			name = Release;
		};
/* End XCBuildConfiguration section */

/* Begin XCConfigurationList section */
		23043BD027A7469A00F9EDCF /* Build configuration list for PBXProject "CTA-Map-Journal" */ = {
			isa = XCConfigurationList;
			buildConfigurations = (
				23043BE127A746A400F9EDCF /* Debug */,
				23043BE227A746A400F9EDCF /* Release */,
			);
			defaultConfigurationIsVisible = 0;
			defaultConfigurationName = Release;
		};
		23043BE327A746A400F9EDCF /* Build configuration list for PBXNativeTarget "CTA-Map-Journal" */ = {
			isa = XCConfigurationList;
			buildConfigurations = (
				23043BE427A746A400F9EDCF /* Debug */,
				23043BE527A746A400F9EDCF /* Release */,
			);
			defaultConfigurationIsVisible = 0;
			defaultConfigurationName = Release;
		};
/* End XCConfigurationList section */
	};
	rootObject = 23043BCD27A7469A00F9EDCF /* Project object */;
}
